
Microsoft Visual Studio Solution File, Format Version 12.00
# Visual Studio Version 16
VisualStudioVersion = 25.0.1706.7
MinimumVisualStudioVersion = 10.0.40219.1
Project("{FAE04EC0-301F-11D3-BF4B-00C04F79EFBC}") = "PowerplantService", "PowerplantService\PowerplantService.csproj", "{2BBEC9ED-AD96-4929-987B-98639C7C8C52}"
EndProject
Project("{FAE04EC0-301F-11D3-BF4B-00C04F79EFBC}") = "PowerplantServiceTest", "PowerplantServiceTest\PowerplantServiceTest.csproj", "{61985038-F1D1-4200-B385-66A4BEEE062A}"
EndProject
Global
	GlobalSection(SolutionConfigurationPlatforms) = preSolution
		Debug|Any CPU = Debug|Any CPU
		Release|Any CPU = Release|Any CPU
	EndGlobalSection
	GlobalSection(ProjectConfigurationPlatforms) = postSolution
		{2BBEC9ED-AD96-4929-987B-98639C7C8C52}.Debug|Any CPU.ActiveCfg = Debug|Any CPU
		{2BBEC9ED-AD96-4929-987B-98639C7C8C52}.Debug|Any CPU.Build.0 = Debug|Any CPU
		{2BBEC9ED-AD96-4929-987B-98639C7C8C52}.Release|Any CPU.ActiveCfg = Release|Any CPU
		{2BBEC9ED-AD96-4929-987B-98639C7C8C52}.Release|Any CPU.Build.0 = Release|Any CPU
		{61985038-F1D1-4200-B385-66A4BEEE062A}.Debug|Any CPU.ActiveCfg = Debug|Any CPU
		{61985038-F1D1-4200-B385-66A4BEEE062A}.Debug|Any CPU.Build.0 = Debug|Any CPU
		{61985038-F1D1-4200-B385-66A4BEEE062A}.Release|Any CPU.ActiveCfg = Release|Any CPU
		{61985038-F1D1-4200-B385-66A4BEEE062A}.Release|Any CPU.Build.0 = Release|Any CPU
	EndGlobalSection
	GlobalSection(SolutionProperties) = preSolution
		HideSolutionNode = FALSE
	EndGlobalSection
	GlobalSection(ExtensibilityGlobals) = postSolution
		SolutionGuid = {BA79A060-039B-4B5F-B696-C21F74887A5C}
	EndGlobalSection
EndGlobal
